
Microsoft Visual Studio Solution File, Format Version 12.00
# Visual Studio Version 17
VisualStudioVersion = 17.5.33502.453
MinimumVisualStudioVersion = 10.0.40219.1
Project("{FAE04EC0-301F-11D3-BF4B-00C04F79EFBC}") = "carhandler", "carhandler\carhandler.csproj", "{18E0A031-0107-4F20-8622-2DC1717FDBFB}"
EndProject
Global
	GlobalSection(SolutionConfigurationPlatforms) = preSolution
		Debug|Any CPU = Debug|Any CPU
		Release|Any CPU = Release|Any CPU
	EndGlobalSection
	GlobalSection(ProjectConfigurationPlatforms) = postSolution
		{18E0A031-0107-4F20-8622-2DC1717FDBFB}.Debug|Any CPU.ActiveCfg = Debug|Any CPU
		{18E0A031-0107-4F20-8622-2DC1717FDBFB}.Debug|Any CPU.Build.0 = Debug|Any CPU
		{18E0A031-0107-4F20-8622-2DC1717FDBFB}.Release|Any CPU.ActiveCfg = Release|Any CPU
		{18E0A031-0107-4F20-8622-2DC1717FDBFB}.Release|Any CPU.Build.0 = Release|Any CPU
	EndGlobalSection
	GlobalSection(SolutionProperties) = preSolution
		HideSolutionNode = FALSE
	EndGlobalSection
	GlobalSection(ExtensibilityGlobals) = postSolution
		SolutionGuid = {6BE1A693-BC7F-4C73-A417-C141BB37D9EC}
	EndGlobalSection
EndGlobal
